// !$*UTF8*$!
{
	archiveVersion = 1;
	classes = {
	};
	objectVersion = 56;
	objects = {

/* Begin PBXBuildFile section */
		1FD0DD932AC9FF26007A6F8D /* ServiceFactoryMock.swift in Sources */ = {isa = PBXBuildFile; fileRef = 1FD0DD922AC9FED8007A6F8D /* ServiceFactoryMock.swift */; };
		1FD0DD942AC9FFDF007A6F8D /* FakeDTO.swift in Sources */ = {isa = PBXBuildFile; fileRef = 1FD662452AC5FE1000D0842E /* FakeDTO.swift */; };
		1FD0DD952AC9FFDF007A6F8D /* FakeSession.swift in Sources */ = {isa = PBXBuildFile; fileRef = 1FD662422AC5FCDF00D0842E /* FakeSession.swift */; };
		1FD0DDAC2ACA017E007A6F8D /* AndoniNetworkingTests.swift in Sources */ = {isa = PBXBuildFile; fileRef = 1FD0DDAB2ACA017E007A6F8D /* AndoniNetworkingTests.swift */; };
		1FD0DDAD2ACA017E007A6F8D /* AndoniNetworking.framework in Frameworks */ = {isa = PBXBuildFile; fileRef = 1FD662912AC9DC7C00D0842E /* AndoniNetworking.framework */; platformFilter = ios; };
		1FD662982AC9DC8300D0842E /* Endpoint.swift in Sources */ = {isa = PBXBuildFile; fileRef = 1F31D1DE2AC1F9A900D38402 /* Endpoint.swift */; };
		1FD662992AC9DC8500D0842E /* ServiceFactory.swift in Sources */ = {isa = PBXBuildFile; fileRef = 1F31D1E02AC1F9E100D38402 /* ServiceFactory.swift */; };
		1FD6629A2AC9DC8800D0842E /* HTTPError.swift in Sources */ = {isa = PBXBuildFile; fileRef = 1F31D1D92AC1F5B600D38402 /* HTTPError.swift */; };
		1FD6629B2AC9DC8C00D0842E /* HTTPMethod.swift in Sources */ = {isa = PBXBuildFile; fileRef = 1F31D1DB2AC1F7B500D38402 /* HTTPMethod.swift */; };
		1FD6629D2AC9DD0800D0842E /* AndoniNetworking.h in Headers */ = {isa = PBXBuildFile; fileRef = 1FD6629C2AC9DD0800D0842E /* AndoniNetworking.h */; };
/* End PBXBuildFile section */

/* Begin PBXContainerItemProxy section */
		1FD0DDAE2ACA017E007A6F8D /* PBXContainerItemProxy */ = {
			isa = PBXContainerItemProxy;
			containerPortal = 1F31D1B72AC1F50E00D38402 /* Project object */;
			proxyType = 1;
			remoteGlobalIDString = 1FD662902AC9DC7C00D0842E;
			remoteInfo = AndoniNetworking;
		};
/* End PBXContainerItemProxy section */

/* Begin PBXFileReference section */
		1F31D1D92AC1F5B600D38402 /* HTTPError.swift */ = {isa = PBXFileReference; lastKnownFileType = sourcecode.swift; path = HTTPError.swift; sourceTree = "<group>"; };
		1F31D1DB2AC1F7B500D38402 /* HTTPMethod.swift */ = {isa = PBXFileReference; lastKnownFileType = sourcecode.swift; path = HTTPMethod.swift; sourceTree = "<group>"; };
		1F31D1DE2AC1F9A900D38402 /* Endpoint.swift */ = {isa = PBXFileReference; lastKnownFileType = sourcecode.swift; path = Endpoint.swift; sourceTree = "<group>"; };
		1F31D1E02AC1F9E100D38402 /* ServiceFactory.swift */ = {isa = PBXFileReference; lastKnownFileType = sourcecode.swift; path = ServiceFactory.swift; sourceTree = "<group>"; };
		1FD0DD922AC9FED8007A6F8D /* ServiceFactoryMock.swift */ = {isa = PBXFileReference; lastKnownFileType = sourcecode.swift; path = ServiceFactoryMock.swift; sourceTree = "<group>"; };
		1FD0DDA92ACA017E007A6F8D /* AndoniNetworkingTests.xctest */ = {isa = PBXFileReference; explicitFileType = wrapper.cfbundle; includeInIndex = 0; path = AndoniNetworkingTests.xctest; sourceTree = BUILT_PRODUCTS_DIR; };
		1FD0DDAB2ACA017E007A6F8D /* AndoniNetworkingTests.swift */ = {isa = PBXFileReference; lastKnownFileType = sourcecode.swift; path = AndoniNetworkingTests.swift; sourceTree = "<group>"; };
		1FD662422AC5FCDF00D0842E /* FakeSession.swift */ = {isa = PBXFileReference; lastKnownFileType = sourcecode.swift; path = FakeSession.swift; sourceTree = "<group>"; };
		1FD662452AC5FE1000D0842E /* FakeDTO.swift */ = {isa = PBXFileReference; lastKnownFileType = sourcecode.swift; path = FakeDTO.swift; sourceTree = "<group>"; };
		1FD662912AC9DC7C00D0842E /* AndoniNetworking.framework */ = {isa = PBXFileReference; explicitFileType = wrapper.framework; includeInIndex = 0; path = AndoniNetworking.framework; sourceTree = BUILT_PRODUCTS_DIR; };
		1FD6629C2AC9DD0800D0842E /* AndoniNetworking.h */ = {isa = PBXFileReference; fileEncoding = 4; lastKnownFileType = sourcecode.c.h; name = AndoniNetworking.h; path = AndoniNetworking/Sources/AndoniNetworking.h; sourceTree = SOURCE_ROOT; };
/* End PBXFileReference section */

/* Begin PBXFrameworksBuildPhase section */
		1FD0DDA62ACA017E007A6F8D /* Frameworks */ = {
			isa = PBXFrameworksBuildPhase;
			buildActionMask = 2147483647;
			files = (
				1FD0DDAD2ACA017E007A6F8D /* AndoniNetworking.framework in Frameworks */,
			);
			runOnlyForDeploymentPostprocessing = 0;
		};
		1FD6628E2AC9DC7C00D0842E /* Frameworks */ = {
			isa = PBXFrameworksBuildPhase;
			buildActionMask = 2147483647;
			files = (
			);
			runOnlyForDeploymentPostprocessing = 0;
		};
/* End PBXFrameworksBuildPhase section */

/* Begin PBXGroup section */
		1F31D1B62AC1F50E00D38402 = {
			isa = PBXGroup;
			children = (
				1F31D1C22AC1F50E00D38402 /* AndoniNetworking */,
				1FD0DDAA2ACA017E007A6F8D /* AndoniNetworkingTests */,
				1F31D1C12AC1F50E00D38402 /* Products */,
			);
			sourceTree = "<group>";
		};
		1F31D1C12AC1F50E00D38402 /* Products */ = {
			isa = PBXGroup;
			children = (
				1FD662912AC9DC7C00D0842E /* AndoniNetworking.framework */,
				1FD0DDA92ACA017E007A6F8D /* AndoniNetworkingTests.xctest */,
			);
			name = Products;
			sourceTree = "<group>";
		};
		1F31D1C22AC1F50E00D38402 /* AndoniNetworking */ = {
			isa = PBXGroup;
			children = (
				1FD0DD912AC9FE15007A6F8D /* Mocks */,
				1FD0DD902AC9FE0E007A6F8D /* Sources */,
			);
			path = AndoniNetworking;
			sourceTree = "<group>";
		};
		1F31D1D82AC1F5A000D38402 /* HTTP */ = {
			isa = PBXGroup;
			children = (
				1F31D1D92AC1F5B600D38402 /* HTTPError.swift */,
				1F31D1DB2AC1F7B500D38402 /* HTTPMethod.swift */,
			);
			path = HTTP;
			sourceTree = "<group>";
		};
		1F31D1DD2AC1F99F00D38402 /* Service */ = {
			isa = PBXGroup;
			children = (
				1F31D1DE2AC1F9A900D38402 /* Endpoint.swift */,
				1F31D1E02AC1F9E100D38402 /* ServiceFactory.swift */,
			);
			path = Service;
			sourceTree = "<group>";
		};
		1FD0DD902AC9FE0E007A6F8D /* Sources */ = {
			isa = PBXGroup;
			children = (
				1FD6629C2AC9DD0800D0842E /* AndoniNetworking.h */,
				1F31D1DD2AC1F99F00D38402 /* Service */,
				1F31D1D82AC1F5A000D38402 /* HTTP */,
			);
			path = Sources;
			sourceTree = "<group>";
		};
		1FD0DD912AC9FE15007A6F8D /* Mocks */ = {
			isa = PBXGroup;
			children = (
				1FD0DD922AC9FED8007A6F8D /* ServiceFactoryMock.swift */,
				1FD662422AC5FCDF00D0842E /* FakeSession.swift */,
				1FD662452AC5FE1000D0842E /* FakeDTO.swift */,
			);
			path = Mocks;
			sourceTree = "<group>";
		};
		1FD0DDAA2ACA017E007A6F8D /* AndoniNetworkingTests */ = {
			isa = PBXGroup;
			children = (
				1FD0DDAB2ACA017E007A6F8D /* AndoniNetworkingTests.swift */,
			);
			path = AndoniNetworkingTests;
			sourceTree = "<group>";
		};
/* End PBXGroup section */

/* Begin PBXHeadersBuildPhase section */
		1FD6628C2AC9DC7C00D0842E /* Headers */ = {
			isa = PBXHeadersBuildPhase;
			buildActionMask = 2147483647;
			files = (
				1FD6629D2AC9DD0800D0842E /* AndoniNetworking.h in Headers */,
			);
			runOnlyForDeploymentPostprocessing = 0;
		};
/* End PBXHeadersBuildPhase section */

/* Begin PBXNativeTarget section */
		1FD0DDA82ACA017E007A6F8D /* AndoniNetworkingTests */ = {
			isa = PBXNativeTarget;
			buildConfigurationList = 1FD0DDB02ACA017E007A6F8D /* Build configuration list for PBXNativeTarget "AndoniNetworkingTests" */;
			buildPhases = (
				1FD0DDA52ACA017E007A6F8D /* Sources */,
				1FD0DDA62ACA017E007A6F8D /* Frameworks */,
				1FD0DDA72ACA017E007A6F8D /* Resources */,
			);
			buildRules = (
			);
			dependencies = (
				1FD0DDAF2ACA017E007A6F8D /* PBXTargetDependency */,
			);
			name = AndoniNetworkingTests;
			productName = AndoniNetworkingTests;
			productReference = 1FD0DDA92ACA017E007A6F8D /* AndoniNetworkingTests.xctest */;
			productType = "com.apple.product-type.bundle.unit-test";
		};
		1FD662902AC9DC7C00D0842E /* AndoniNetworking */ = {
			isa = PBXNativeTarget;
			buildConfigurationList = 1FD662972AC9DC7C00D0842E /* Build configuration list for PBXNativeTarget "AndoniNetworking" */;
			buildPhases = (
				1FD6628C2AC9DC7C00D0842E /* Headers */,
				1FD6628D2AC9DC7C00D0842E /* Sources */,
				1FD6628E2AC9DC7C00D0842E /* Frameworks */,
				1FD6628F2AC9DC7C00D0842E /* Resources */,
			);
			buildRules = (
			);
			dependencies = (
			);
			name = AndoniNetworking;
			productName = AndoniNetworking;
			productReference = 1FD662912AC9DC7C00D0842E /* AndoniNetworking.framework */;
			productType = "com.apple.product-type.framework";
		};
/* End PBXNativeTarget section */

/* Begin PBXProject section */
		1F31D1B72AC1F50E00D38402 /* Project object */ = {
			isa = PBXProject;
			attributes = {
				BuildIndependentTargetsInParallel = 1;
				LastSwiftUpdateCheck = 1500;
				LastUpgradeCheck = 1500;
				TargetAttributes = {
					1FD0DDA82ACA017E007A6F8D = {
						CreatedOnToolsVersion = 15.0;
					};
					1FD662902AC9DC7C00D0842E = {
						CreatedOnToolsVersion = 15.0;
					};
				};
			};
			buildConfigurationList = 1F31D1BA2AC1F50E00D38402 /* Build configuration list for PBXProject "AndoniNetworking" */;
			compatibilityVersion = "Xcode 14.0";
			developmentRegion = en;
			hasScannedForEncodings = 0;
			knownRegions = (
				en,
				Base,
			);
			mainGroup = 1F31D1B62AC1F50E00D38402;
			productRefGroup = 1F31D1C12AC1F50E00D38402 /* Products */;
			projectDirPath = "";
			projectRoot = "";
			targets = (
				1FD662902AC9DC7C00D0842E /* AndoniNetworking */,
				1FD0DDA82ACA017E007A6F8D /* AndoniNetworkingTests */,
			);
		};
/* End PBXProject section */

/* Begin PBXResourcesBuildPhase section */
		1FD0DDA72ACA017E007A6F8D /* Resources */ = {
			isa = PBXResourcesBuildPhase;
			buildActionMask = 2147483647;
			files = (
			);
			runOnlyForDeploymentPostprocessing = 0;
		};
		1FD6628F2AC9DC7C00D0842E /* Resources */ = {
			isa = PBXResourcesBuildPhase;
			buildActionMask = 2147483647;
			files = (
			);
			runOnlyForDeploymentPostprocessing = 0;
		};
/* End PBXResourcesBuildPhase section */

/* Begin PBXSourcesBuildPhase section */
		1FD0DDA52ACA017E007A6F8D /* Sources */ = {
			isa = PBXSourcesBuildPhase;
			buildActionMask = 2147483647;
			files = (
				1FD0DDAC2ACA017E007A6F8D /* AndoniNetworkingTests.swift in Sources */,
			);
			runOnlyForDeploymentPostprocessing = 0;
		};
		1FD6628D2AC9DC7C00D0842E /* Sources */ = {
			isa = PBXSourcesBuildPhase;
			buildActionMask = 2147483647;
			files = (
				1FD0DD932AC9FF26007A6F8D /* ServiceFactoryMock.swift in Sources */,
				1FD6629B2AC9DC8C00D0842E /* HTTPMethod.swift in Sources */,
				1FD662992AC9DC8500D0842E /* ServiceFactory.swift in Sources */,
				1FD6629A2AC9DC8800D0842E /* HTTPError.swift in Sources */,
				1FD0DD952AC9FFDF007A6F8D /* FakeSession.swift in Sources */,
				1FD0DD942AC9FFDF007A6F8D /* FakeDTO.swift in Sources */,
				1FD662982AC9DC8300D0842E /* Endpoint.swift in Sources */,
			);
			runOnlyForDeploymentPostprocessing = 0;
		};
/* End PBXSourcesBuildPhase section */

/* Begin PBXTargetDependency section */
		1FD0DDAF2ACA017E007A6F8D /* PBXTargetDependency */ = {
			isa = PBXTargetDependency;
			platformFilter = ios;
			target = 1FD662902AC9DC7C00D0842E /* AndoniNetworking */;
			targetProxy = 1FD0DDAE2ACA017E007A6F8D /* PBXContainerItemProxy */;
		};
/* End PBXTargetDependency section */

/* Begin XCBuildConfiguration section */
		1F31D1D02AC1F50E00D38402 /* Debug */ = {
			isa = XCBuildConfiguration;
			buildSettings = {
				ALWAYS_SEARCH_USER_PATHS = NO;
				ASSETCATALOG_COMPILER_GENERATE_SWIFT_ASSET_SYMBOL_EXTENSIONS = YES;
				CLANG_ANALYZER_NONNULL = YES;
				CLANG_ANALYZER_NUMBER_OBJECT_CONVERSION = YES_AGGRESSIVE;
				CLANG_CXX_LANGUAGE_STANDARD = "gnu++20";
				CLANG_ENABLE_MODULES = YES;
				CLANG_ENABLE_OBJC_ARC = YES;
				CLANG_ENABLE_OBJC_WEAK = YES;
				CLANG_WARN_BLOCK_CAPTURE_AUTORELEASING = YES;
				CLANG_WARN_BOOL_CONVERSION = YES;
				CLANG_WARN_COMMA = YES;
				CLANG_WARN_CONSTANT_CONVERSION = YES;
				CLANG_WARN_DEPRECATED_OBJC_IMPLEMENTATIONS = YES;
				CLANG_WARN_DIRECT_OBJC_ISA_USAGE = YES_ERROR;
				CLANG_WARN_DOCUMENTATION_COMMENTS = YES;
				CLANG_WARN_EMPTY_BODY = YES;
				CLANG_WARN_ENUM_CONVERSION = YES;
				CLANG_WARN_INFINITE_RECURSION = YES;
				CLANG_WARN_INT_CONVERSION = YES;
				CLANG_WARN_NON_LITERAL_NULL_CONVERSION = YES;
				CLANG_WARN_OBJC_IMPLICIT_RETAIN_SELF = YES;
				CLANG_WARN_OBJC_LITERAL_CONVERSION = YES;
				CLANG_WARN_OBJC_ROOT_CLASS = YES_ERROR;
				CLANG_WARN_QUOTED_INCLUDE_IN_FRAMEWORK_HEADER = YES;
				CLANG_WARN_RANGE_LOOP_ANALYSIS = YES;
				CLANG_WARN_STRICT_PROTOTYPES = YES;
				CLANG_WARN_SUSPICIOUS_MOVE = YES;
				CLANG_WARN_UNGUARDED_AVAILABILITY = YES_AGGRESSIVE;
				CLANG_WARN_UNREACHABLE_CODE = YES;
				CLANG_WARN__DUPLICATE_METHOD_MATCH = YES;
				COPY_PHASE_STRIP = NO;
				CURRENT_PROJECT_VERSION = 1;
				DEBUG_INFORMATION_FORMAT = dwarf;
				ENABLE_STRICT_OBJC_MSGSEND = YES;
				ENABLE_TESTABILITY = YES;
				ENABLE_USER_SCRIPT_SANDBOXING = YES;
				GCC_C_LANGUAGE_STANDARD = gnu17;
				GCC_DYNAMIC_NO_PIC = NO;
				GCC_NO_COMMON_BLOCKS = YES;
				GCC_OPTIMIZATION_LEVEL = 0;
				GCC_PREPROCESSOR_DEFINITIONS = (
					"DEBUG=1",
					"$(inherited)",
				);
				GCC_WARN_64_TO_32_BIT_CONVERSION = YES;
				GCC_WARN_ABOUT_RETURN_TYPE = YES_ERROR;
				GCC_WARN_UNDECLARED_SELECTOR = YES;
				GCC_WARN_UNINITIALIZED_AUTOS = YES_AGGRESSIVE;
				GCC_WARN_UNUSED_FUNCTION = YES;
				GCC_WARN_UNUSED_VARIABLE = YES;
				IPHONEOS_DEPLOYMENT_TARGET = 17.0;
				LOCALIZATION_PREFERS_STRING_CATALOGS = YES;
				MTL_ENABLE_DEBUG_INFO = INCLUDE_SOURCE;
				MTL_FAST_MATH = YES;
				ONLY_ACTIVE_ARCH = YES;
				SDKROOT = iphoneos;
				SWIFT_ACTIVE_COMPILATION_CONDITIONS = "DEBUG $(inherited)";
				SWIFT_OPTIMIZATION_LEVEL = "-Onone";
				VERSIONING_SYSTEM = "apple-generic";
				VERSION_INFO_PREFIX = "";
			};
			name = Debug;
		};
		1F31D1D12AC1F50E00D38402 /* Release */ = {
			isa = XCBuildConfiguration;
			buildSettings = {
				ALWAYS_SEARCH_USER_PATHS = NO;
				ASSETCATALOG_COMPILER_GENERATE_SWIFT_ASSET_SYMBOL_EXTENSIONS = YES;
				CLANG_ANALYZER_NONNULL = YES;
				CLANG_ANALYZER_NUMBER_OBJECT_CONVERSION = YES_AGGRESSIVE;
				CLANG_CXX_LANGUAGE_STANDARD = "gnu++20";
				CLANG_ENABLE_MODULES = YES;
				CLANG_ENABLE_OBJC_ARC = YES;
				CLANG_ENABLE_OBJC_WEAK = YES;
				CLANG_WARN_BLOCK_CAPTURE_AUTORELEASING = YES;
				CLANG_WARN_BOOL_CONVERSION = YES;
				CLANG_WARN_COMMA = YES;
				CLANG_WARN_CONSTANT_CONVERSION = YES;
				CLANG_WARN_DEPRECATED_OBJC_IMPLEMENTATIONS = YES;
				CLANG_WARN_DIRECT_OBJC_ISA_USAGE = YES_ERROR;
				CLANG_WARN_DOCUMENTATION_COMMENTS = YES;
				CLANG_WARN_EMPTY_BODY = YES;
				CLANG_WARN_ENUM_CONVERSION = YES;
				CLANG_WARN_INFINITE_RECURSION = YES;
				CLANG_WARN_INT_CONVERSION = YES;
				CLANG_WARN_NON_LITERAL_NULL_CONVERSION = YES;
				CLANG_WARN_OBJC_IMPLICIT_RETAIN_SELF = YES;
				CLANG_WARN_OBJC_LITERAL_CONVERSION = YES;
				CLANG_WARN_OBJC_ROOT_CLASS = YES_ERROR;
				CLANG_WARN_QUOTED_INCLUDE_IN_FRAMEWORK_HEADER = YES;
				CLANG_WARN_RANGE_LOOP_ANALYSIS = YES;
				CLANG_WARN_STRICT_PROTOTYPES = YES;
				CLANG_WARN_SUSPICIOUS_MOVE = YES;
				CLANG_WARN_UNGUARDED_AVAILABILITY = YES_AGGRESSIVE;
				CLANG_WARN_UNREACHABLE_CODE = YES;
				CLANG_WARN__DUPLICATE_METHOD_MATCH = YES;
				COPY_PHASE_STRIP = NO;
				CURRENT_PROJECT_VERSION = 1;
				DEBUG_INFORMATION_FORMAT = "dwarf-with-dsym";
				ENABLE_NS_ASSERTIONS = NO;
				ENABLE_STRICT_OBJC_MSGSEND = YES;
				ENABLE_USER_SCRIPT_SANDBOXING = YES;
				GCC_C_LANGUAGE_STANDARD = gnu17;
				GCC_NO_COMMON_BLOCKS = YES;
				GCC_WARN_64_TO_32_BIT_CONVERSION = YES;
				GCC_WARN_ABOUT_RETURN_TYPE = YES_ERROR;
				GCC_WARN_UNDECLARED_SELECTOR = YES;
				GCC_WARN_UNINITIALIZED_AUTOS = YES_AGGRESSIVE;
				GCC_WARN_UNUSED_FUNCTION = YES;
				GCC_WARN_UNUSED_VARIABLE = YES;
				IPHONEOS_DEPLOYMENT_TARGET = 17.0;
				LOCALIZATION_PREFERS_STRING_CATALOGS = YES;
				MTL_ENABLE_DEBUG_INFO = NO;
				MTL_FAST_MATH = YES;
				SDKROOT = iphoneos;
				SWIFT_COMPILATION_MODE = wholemodule;
				VALIDATE_PRODUCT = YES;
				VERSIONING_SYSTEM = "apple-generic";
				VERSION_INFO_PREFIX = "";
			};
			name = Release;
		};
		1FD0DDB12ACA017E007A6F8D /* Debug */ = {
			isa = XCBuildConfiguration;
			buildSettings = {
				CODE_SIGN_STYLE = Automatic;
				CURRENT_PROJECT_VERSION = 1;
				DEVELOPMENT_TEAM = G68Z757FQS;
				GENERATE_INFOPLIST_FILE = YES;
				MARKETING_VERSION = 1.0;
				PRODUCT_BUNDLE_IDENTIFIER = com.andonidasilva.AndoniNetworkingTests;
				PRODUCT_NAME = "$(TARGET_NAME)";
				SWIFT_EMIT_LOC_STRINGS = NO;
				SWIFT_VERSION = 5.0;
				TARGETED_DEVICE_FAMILY = "1,2";
			};
			name = Debug;
		};
		1FD0DDB22ACA017E007A6F8D /* Release */ = {
			isa = XCBuildConfiguration;
			buildSettings = {
				CODE_SIGN_STYLE = Automatic;
				CURRENT_PROJECT_VERSION = 1;
				DEVELOPMENT_TEAM = G68Z757FQS;
				GENERATE_INFOPLIST_FILE = YES;
				MARKETING_VERSION = 1.0;
				PRODUCT_BUNDLE_IDENTIFIER = com.andonidasilva.AndoniNetworkingTests;
				PRODUCT_NAME = "$(TARGET_NAME)";
				SWIFT_EMIT_LOC_STRINGS = NO;
				SWIFT_VERSION = 5.0;
				TARGETED_DEVICE_FAMILY = "1,2";
			};
			name = Release;
		};
		1FD662952AC9DC7C00D0842E /* Debug */ = {
			isa = XCBuildConfiguration;
			buildSettings = {
				CODE_SIGN_STYLE = Automatic;
				CURRENT_PROJECT_VERSION = 1;
				DEFINES_MODULE = YES;
				DEVELOPMENT_TEAM = G68Z757FQS;
				DYLIB_COMPATIBILITY_VERSION = 1;
				DYLIB_CURRENT_VERSION = 1;
				DYLIB_INSTALL_NAME_BASE = "@rpath";
				ENABLE_MODULE_VERIFIER = YES;
				GENERATE_INFOPLIST_FILE = YES;
				INFOPLIST_KEY_NSHumanReadableCopyright = "";
				INSTALL_PATH = "$(LOCAL_LIBRARY_DIR)/Frameworks";
				IPHONEOS_DEPLOYMENT_TARGET = 17.0;
				LD_RUNPATH_SEARCH_PATHS = (
					"@executable_path/Frameworks",
					"@loader_path/Frameworks",
				);
				"LD_RUNPATH_SEARCH_PATHS[sdk=macosx*]" = (
					"@executable_path/../Frameworks",
					"@loader_path/Frameworks",
				);
				MACOSX_DEPLOYMENT_TARGET = 14.0;
				MARKETING_VERSION = 1.0;
				MODULE_VERIFIER_SUPPORTED_LANGUAGES = "objective-c objective-c++";
				MODULE_VERIFIER_SUPPORTED_LANGUAGE_STANDARDS = "gnu17 gnu++20";
				PRODUCT_BUNDLE_IDENTIFIER = com.andonidasilva.AndoniNetworking;
				PRODUCT_NAME = "$(TARGET_NAME:c99extidentifier)";
				SDKROOT = auto;
				SKIP_INSTALL = YES;
				SUPPORTED_PLATFORMS = "iphoneos iphonesimulator macosx";
				SWIFT_EMIT_LOC_STRINGS = YES;
				SWIFT_VERSION = 5.0;
				TARGETED_DEVICE_FAMILY = "1,2";
			};
			name = Debug;
		};
		1FD662962AC9DC7C00D0842E /* Release */ = {
			isa = XCBuildConfiguration;
			buildSettings = {
				CODE_SIGN_STYLE = Automatic;
				CURRENT_PROJECT_VERSION = 1;
				DEFINES_MODULE = YES;
				DEVELOPMENT_TEAM = G68Z757FQS;
				DYLIB_COMPATIBILITY_VERSION = 1;
				DYLIB_CURRENT_VERSION = 1;
				DYLIB_INSTALL_NAME_BASE = "@rpath";
				ENABLE_MODULE_VERIFIER = YES;
				GENERATE_INFOPLIST_FILE = YES;
				INFOPLIST_KEY_NSHumanReadableCopyright = "";
				INSTALL_PATH = "$(LOCAL_LIBRARY_DIR)/Frameworks";
				IPHONEOS_DEPLOYMENT_TARGET = 17.0;
				LD_RUNPATH_SEARCH_PATHS = (
					"@executable_path/Frameworks",
					"@loader_path/Frameworks",
				);
				"LD_RUNPATH_SEARCH_PATHS[sdk=macosx*]" = (
					"@executable_path/../Frameworks",
					"@loader_path/Frameworks",
				);
				MACOSX_DEPLOYMENT_TARGET = 14.0;
				MARKETING_VERSION = 1.0;
				MODULE_VERIFIER_SUPPORTED_LANGUAGES = "objective-c objective-c++";
				MODULE_VERIFIER_SUPPORTED_LANGUAGE_STANDARDS = "gnu17 gnu++20";
				PRODUCT_BUNDLE_IDENTIFIER = com.andonidasilva.AndoniNetworking;
				PRODUCT_NAME = "$(TARGET_NAME:c99extidentifier)";
				SDKROOT = auto;
				SKIP_INSTALL = YES;
				SUPPORTED_PLATFORMS = "iphoneos iphonesimulator macosx";
				SWIFT_EMIT_LOC_STRINGS = YES;
				SWIFT_VERSION = 5.0;
				TARGETED_DEVICE_FAMILY = "1,2";
			};
			name = Release;
		};
/* End XCBuildConfiguration section */

/* Begin XCConfigurationList section */
		1F31D1BA2AC1F50E00D38402 /* Build configuration list for PBXProject "AndoniNetworking" */ = {
			isa = XCConfigurationList;
			buildConfigurations = (
				1F31D1D02AC1F50E00D38402 /* Debug */,
				1F31D1D12AC1F50E00D38402 /* Release */,
			);
			defaultConfigurationIsVisible = 0;
			defaultConfigurationName = Release;
		};
		1FD0DDB02ACA017E007A6F8D /* Build configuration list for PBXNativeTarget "AndoniNetworkingTests" */ = {
			isa = XCConfigurationList;
			buildConfigurations = (
				1FD0DDB12ACA017E007A6F8D /* Debug */,
				1FD0DDB22ACA017E007A6F8D /* Release */,
			);
			defaultConfigurationIsVisible = 0;
			defaultConfigurationName = Release;
		};
		1FD662972AC9DC7C00D0842E /* Build configuration list for PBXNativeTarget "AndoniNetworking" */ = {
			isa = XCConfigurationList;
			buildConfigurations = (
				1FD662952AC9DC7C00D0842E /* Debug */,
				1FD662962AC9DC7C00D0842E /* Release */,
			);
			defaultConfigurationIsVisible = 0;
			defaultConfigurationName = Release;
		};
/* End XCConfigurationList section */
	};
	rootObject = 1F31D1B72AC1F50E00D38402 /* Project object */;
}
